
Microsoft Visual Studio Solution File, Format Version 12.00
# Visual Studio Version 16
VisualStudioVersion = 16.0.29613.14
MinimumVisualStudioVersion = 10.0.40219.1
Project("{9A19103F-16F7-4668-BE54-9A1E7A4F7556}") = "StarWars.Web", "StarWars.Web\StarWars.Web.csproj", "{EA259BED-30E8-426C-8694-A617F7BC2AAF}"
EndProject
Project("{9A19103F-16F7-4668-BE54-9A1E7A4F7556}") = "StarWars.Application", "StarWars.Application\StarWars.Application.csproj", "{FF36AC24-0A9A-41E5-8285-82C2F0A13C28}"
EndProject
Project("{9A19103F-16F7-4668-BE54-9A1E7A4F7556}") = "StarWars.Data", "StarWars.Data\StarWars.Data.csproj", "{BCB06549-F062-4EA7-9233-B6E0F69459B0}"
EndProject
Project("{9A19103F-16F7-4668-BE54-9A1E7A4F7556}") = "StarWars.Domain", "StarWars.Domain\StarWars.Domain.csproj", "{916E02EB-5A8C-4BC1-8300-F0F8BF259D59}"
EndProject
Project("{9A19103F-16F7-4668-BE54-9A1E7A4F7556}") = "StarWars.Application.Tests", "StarWars.Application.Tests\StarWars.Application.Tests.csproj", "{721D6303-D74D-46A1-BE87-CE578FA00AE2}"
EndProject
Project("{9A19103F-16F7-4668-BE54-9A1E7A4F7556}") = "StarWars.Web.Tests", "StarWars.Web.Tests\StarWars.Web.Tests.csproj", "{EF4FF313-55CE-49CC-8A28-6E90F5AF070D}"
EndProject
Global
	GlobalSection(SolutionConfigurationPlatforms) = preSolution
		Debug|Any CPU = Debug|Any CPU
		Release|Any CPU = Release|Any CPU
	EndGlobalSection
	GlobalSection(ProjectConfigurationPlatforms) = postSolution
		{EA259BED-30E8-426C-8694-A617F7BC2AAF}.Debug|Any CPU.ActiveCfg = Debug|Any CPU
		{EA259BED-30E8-426C-8694-A617F7BC2AAF}.Debug|Any CPU.Build.0 = Debug|Any CPU
		{EA259BED-30E8-426C-8694-A617F7BC2AAF}.Release|Any CPU.ActiveCfg = Release|Any CPU
		{EA259BED-30E8-426C-8694-A617F7BC2AAF}.Release|Any CPU.Build.0 = Release|Any CPU
		{FF36AC24-0A9A-41E5-8285-82C2F0A13C28}.Debug|Any CPU.ActiveCfg = Debug|Any CPU
		{FF36AC24-0A9A-41E5-8285-82C2F0A13C28}.Debug|Any CPU.Build.0 = Debug|Any CPU
		{FF36AC24-0A9A-41E5-8285-82C2F0A13C28}.Release|Any CPU.ActiveCfg = Release|Any CPU
		{FF36AC24-0A9A-41E5-8285-82C2F0A13C28}.Release|Any CPU.Build.0 = Release|Any CPU
		{BCB06549-F062-4EA7-9233-B6E0F69459B0}.Debug|Any CPU.ActiveCfg = Debug|Any CPU
		{BCB06549-F062-4EA7-9233-B6E0F69459B0}.Debug|Any CPU.Build.0 = Debug|Any CPU
		{BCB06549-F062-4EA7-9233-B6E0F69459B0}.Release|Any CPU.ActiveCfg = Release|Any CPU
		{BCB06549-F062-4EA7-9233-B6E0F69459B0}.Release|Any CPU.Build.0 = Release|Any CPU
		{916E02EB-5A8C-4BC1-8300-F0F8BF259D59}.Debug|Any CPU.ActiveCfg = Debug|Any CPU
		{916E02EB-5A8C-4BC1-8300-F0F8BF259D59}.Debug|Any CPU.Build.0 = Debug|Any CPU
		{916E02EB-5A8C-4BC1-8300-F0F8BF259D59}.Release|Any CPU.ActiveCfg = Release|Any CPU
		{916E02EB-5A8C-4BC1-8300-F0F8BF259D59}.Release|Any CPU.Build.0 = Release|Any CPU
		{721D6303-D74D-46A1-BE87-CE578FA00AE2}.Debug|Any CPU.ActiveCfg = Debug|Any CPU
		{721D6303-D74D-46A1-BE87-CE578FA00AE2}.Debug|Any CPU.Build.0 = Debug|Any CPU
		{721D6303-D74D-46A1-BE87-CE578FA00AE2}.Release|Any CPU.ActiveCfg = Release|Any CPU
		{721D6303-D74D-46A1-BE87-CE578FA00AE2}.Release|Any CPU.Build.0 = Release|Any CPU
		{EF4FF313-55CE-49CC-8A28-6E90F5AF070D}.Debug|Any CPU.ActiveCfg = Debug|Any CPU
		{EF4FF313-55CE-49CC-8A28-6E90F5AF070D}.Debug|Any CPU.Build.0 = Debug|Any CPU
		{EF4FF313-55CE-49CC-8A28-6E90F5AF070D}.Release|Any CPU.ActiveCfg = Release|Any CPU
		{EF4FF313-55CE-49CC-8A28-6E90F5AF070D}.Release|Any CPU.Build.0 = Release|Any CPU
	EndGlobalSection
	GlobalSection(SolutionProperties) = preSolution
		HideSolutionNode = FALSE
	EndGlobalSection
	GlobalSection(ExtensibilityGlobals) = postSolution
		SolutionGuid = {759D32DD-D5FF-4DA5-A0F8-A27F23F0F66F}
	EndGlobalSection
EndGlobal
